
Microsoft Visual Studio Solution File, Format Version 12.00
# Visual Studio Version 17
VisualStudioVersion = 17.14.36109.1 d17.14
MinimumVisualStudioVersion = 10.0.40219.1
Project("{FAE04EC0-301F-11D3-BF4B-00C04F79EFBC}") = "Doprez.Stride.MoreInput", "Doprez.Stride.MoreInput.csproj", "{D1D30D80-CD80-46C4-8C3D-42A615F693CF}"
EndProject
Global
	GlobalSection(SolutionConfigurationPlatforms) = preSolution
		Debug|Any CPU = Debug|Any CPU
		Release|Any CPU = Release|Any CPU
	EndGlobalSection
	GlobalSection(ProjectConfigurationPlatforms) = postSolution
		{D1D30D80-CD80-46C4-8C3D-42A615F693CF}.Debug|Any CPU.ActiveCfg = Debug|Any CPU
		{D1D30D80-CD80-46C4-8C3D-42A615F693CF}.Debug|Any CPU.Build.0 = Debug|Any CPU
		{D1D30D80-CD80-46C4-8C3D-42A615F693CF}.Release|Any CPU.ActiveCfg = Release|Any CPU
		{D1D30D80-CD80-46C4-8C3D-42A615F693CF}.Release|Any CPU.Build.0 = Release|Any CPU
	EndGlobalSection
	GlobalSection(SolutionProperties) = preSolution
		HideSolutionNode = FALSE
	EndGlobalSection
	GlobalSection(ExtensibilityGlobals) = postSolution
		SolutionGuid = {B508A379-AB55-4660-A685-5E501B65688F}
	EndGlobalSection
EndGlobal
